
Microsoft Visual Studio Solution File, Format Version 12.00
Project("{FAE04EC0-301F-11D3-BF4B-00C04F79EFBC}") = "PluralFlux", "PluralFlux.csproj", "{A1182490-2575-4A5E-9A11-1499AAF87A7C}"
EndProject
Project("{2150E333-8FDC-42A3-9474-1A3956D46DE8}") = "Solution Items", "Solution Items", "{F8342F54-03DE-42A4-BF87-29D4D90EF052}"
	ProjectSection(SolutionItems) = preProject
		compose.yaml = compose.yaml
	EndProjectSection
EndProject
Global
	GlobalSection(SolutionConfigurationPlatforms) = preSolution
		Debug|Any CPU = Debug|Any CPU
		Release|Any CPU = Release|Any CPU
	EndGlobalSection
	GlobalSection(ProjectConfigurationPlatforms) = postSolution
		{A1182490-2575-4A5E-9A11-1499AAF87A7C}.Debug|Any CPU.ActiveCfg = Debug|Any CPU
		{A1182490-2575-4A5E-9A11-1499AAF87A7C}.Debug|Any CPU.Build.0 = Debug|Any CPU
		{A1182490-2575-4A5E-9A11-1499AAF87A7C}.Release|Any CPU.ActiveCfg = Release|Any CPU
		{A1182490-2575-4A5E-9A11-1499AAF87A7C}.Release|Any CPU.Build.0 = Release|Any CPU
	EndGlobalSection
EndGlobal
